{
    "_readme": [
        "This file locks the dependencies of your project to a known state",
        "Read more about it at https://getcomposer.org/doc/01-basic-usage.md#installing-dependencies",
        "This file is @generated automatically"
    ],
    "content-hash": "b9479d58c60d4dc2b9fc2c06df2b30a9",
    "packages": [
        {
            "name": "yuzulib/yuzulib",
            "version": "0.0.1",
            "dist": {
                "type": "path",
                "url": "../yuzulib",
                "reference": "adbf4b9d88ea03c8783a5258e754f8877d6ccb3e"
            },
            "type": "library",
            "autoload": {
                "psr-4": {
                    "YuzuLib\\YuzuLib\\": "src/"
                }
            },
            "autoload-dev": {
                "psr-4": {
                    "YuzuLib\\Test\\": "test/"
                }
            },
            "description": "yuzulib",
            "transport-options": {
                "symlink": false,
                "relative": true
            }
        }
    ],
    "packages-dev": [],
    "aliases": [],
    "minimum-stability": "stable",
    "stability-flags": [],
    "prefer-stable": false,
    "prefer-lowest": false,
    "platform": [],
    "platform-dev": [],
    "plugin-api-version": "2.3.0"
}
